
Microsoft Visual Studio Solution File, Format Version 11.00
# Visual Studio 2010
Project("{FAE04EC0-301F-11D3-BF4B-00C04F79EFBC}") = "SCHOOL DATABASE", "SCHOOL DATABASE\SCHOOL DATABASE.csproj", "{D7B26B43-6FDE-45D3-87FC-68C79BAE0767}"
EndProject
Global
	GlobalSection(SolutionConfigurationPlatforms) = preSolution
		Debug|x86 = Debug|x86
		Release|x86 = Release|x86
	EndGlobalSection
	GlobalSection(ProjectConfigurationPlatforms) = postSolution
		{D7B26B43-6FDE-45D3-87FC-68C79BAE0767}.Debug|x86.ActiveCfg = Debug|x86
		{D7B26B43-6FDE-45D3-87FC-68C79BAE0767}.Debug|x86.Build.0 = Debug|x86
		{D7B26B43-6FDE-45D3-87FC-68C79BAE0767}.Release|x86.ActiveCfg = Release|x86
		{D7B26B43-6FDE-45D3-87FC-68C79BAE0767}.Release|x86.Build.0 = Release|x86
	EndGlobalSection
	GlobalSection(SolutionProperties) = preSolution
		HideSolutionNode = FALSE
	EndGlobalSection
EndGlobal
